
Microsoft Visual Studio Solution File, Format Version 12.00
Project("{FAE04EC0-301F-11D3-BF4B-00C04F79EFBC}") = "ToDoApp", "ToDoApp\ToDoApp.csproj", "{EB857F21-AE9F-40BC-927B-03D531C4EB06}"
EndProject
Global
	GlobalSection(SolutionConfigurationPlatforms) = preSolution
		Debug|Any CPU = Debug|Any CPU
		Release|Any CPU = Release|Any CPU
	EndGlobalSection
	GlobalSection(ProjectConfigurationPlatforms) = postSolution
		{EB857F21-AE9F-40BC-927B-03D531C4EB06}.Debug|Any CPU.ActiveCfg = Debug|Any CPU
		{EB857F21-AE9F-40BC-927B-03D531C4EB06}.Debug|Any CPU.Build.0 = Debug|Any CPU
		{EB857F21-AE9F-40BC-927B-03D531C4EB06}.Release|Any CPU.ActiveCfg = Release|Any CPU
		{EB857F21-AE9F-40BC-927B-03D531C4EB06}.Release|Any CPU.Build.0 = Release|Any CPU
	EndGlobalSection
EndGlobal
